
Microsoft Visual Studio Solution File, Format Version 12.00
# Visual Studio Version 17
VisualStudioVersion = 17.14.36301.6 d17.14
MinimumVisualStudioVersion = 10.0.40219.1
Project("{FAE04EC0-301F-11D3-BF4B-00C04F79EFBC}") = "LicenseAPI", "LicenseAPI.csproj", "{247FA95C-E1A0-3B3B-B6D2-97C8917D41AB}"
EndProject
Global
	GlobalSection(SolutionConfigurationPlatforms) = preSolution
		Debug|Any CPU = Debug|Any CPU
		Release|Any CPU = Release|Any CPU
	EndGlobalSection
	GlobalSection(ProjectConfigurationPlatforms) = postSolution
		{247FA95C-E1A0-3B3B-B6D2-97C8917D41AB}.Debug|Any CPU.ActiveCfg = Debug|Any CPU
		{247FA95C-E1A0-3B3B-B6D2-97C8917D41AB}.Debug|Any CPU.Build.0 = Debug|Any CPU
		{247FA95C-E1A0-3B3B-B6D2-97C8917D41AB}.Release|Any CPU.ActiveCfg = Release|Any CPU
		{247FA95C-E1A0-3B3B-B6D2-97C8917D41AB}.Release|Any CPU.Build.0 = Release|Any CPU
	EndGlobalSection
	GlobalSection(SolutionProperties) = preSolution
		HideSolutionNode = FALSE
	EndGlobalSection
	GlobalSection(ExtensibilityGlobals) = postSolution
		SolutionGuid = {DE7D25D6-A367-41B8-A588-153F05697EF0}
	EndGlobalSection
EndGlobal
